
Microsoft Visual Studio Solution File, Format Version 12.00
# Visual Studio 15
VisualStudioVersion = 15.0.26124.0
MinimumVisualStudioVersion = 15.0.26124.0
Project("{FAE04EC0-301F-11D3-BF4B-00C04F79EFBC}") = "KuantDotNet.KuantDateTime", "KuantDotNet.KuantDateTime\KuantDotNet.KuantDateTime.csproj", "{F8D3DA69-AC79-4D1A-ACA2-9CFC6739323B}"
EndProject
Project("{FAE04EC0-301F-11D3-BF4B-00C04F79EFBC}") = "KuantDotNet.Tests", "KuantDotNet.Tests\KuantDotNet.Tests.csproj", "{6709C9CB-571D-424C-8342-839867FB5C9B}"
EndProject
Project("{FAE04EC0-301F-11D3-BF4B-00C04F79EFBC}") = "KuantDotNet.Instruments", "KuantDotNet.Instruments\KuantDotNet.Instruments.csproj", "{3E50AFEA-D6F0-4AAF-A59A-9C3885BE7B5D}"
EndProject
Global
	GlobalSection(SolutionConfigurationPlatforms) = preSolution
		Debug|Any CPU = Debug|Any CPU
		Debug|x64 = Debug|x64
		Debug|x86 = Debug|x86
		Release|Any CPU = Release|Any CPU
		Release|x64 = Release|x64
		Release|x86 = Release|x86
	EndGlobalSection
	GlobalSection(SolutionProperties) = preSolution
		HideSolutionNode = FALSE
	EndGlobalSection
	GlobalSection(ProjectConfigurationPlatforms) = postSolution
		{F8D3DA69-AC79-4D1A-ACA2-9CFC6739323B}.Debug|Any CPU.ActiveCfg = Debug|Any CPU
		{F8D3DA69-AC79-4D1A-ACA2-9CFC6739323B}.Debug|Any CPU.Build.0 = Debug|Any CPU
		{F8D3DA69-AC79-4D1A-ACA2-9CFC6739323B}.Debug|x64.ActiveCfg = Debug|Any CPU
		{F8D3DA69-AC79-4D1A-ACA2-9CFC6739323B}.Debug|x64.Build.0 = Debug|Any CPU
		{F8D3DA69-AC79-4D1A-ACA2-9CFC6739323B}.Debug|x86.ActiveCfg = Debug|Any CPU
		{F8D3DA69-AC79-4D1A-ACA2-9CFC6739323B}.Debug|x86.Build.0 = Debug|Any CPU
		{F8D3DA69-AC79-4D1A-ACA2-9CFC6739323B}.Release|Any CPU.ActiveCfg = Release|Any CPU
		{F8D3DA69-AC79-4D1A-ACA2-9CFC6739323B}.Release|Any CPU.Build.0 = Release|Any CPU
		{F8D3DA69-AC79-4D1A-ACA2-9CFC6739323B}.Release|x64.ActiveCfg = Release|Any CPU
		{F8D3DA69-AC79-4D1A-ACA2-9CFC6739323B}.Release|x64.Build.0 = Release|Any CPU
		{F8D3DA69-AC79-4D1A-ACA2-9CFC6739323B}.Release|x86.ActiveCfg = Release|Any CPU
		{F8D3DA69-AC79-4D1A-ACA2-9CFC6739323B}.Release|x86.Build.0 = Release|Any CPU
		{6709C9CB-571D-424C-8342-839867FB5C9B}.Debug|Any CPU.ActiveCfg = Debug|Any CPU
		{6709C9CB-571D-424C-8342-839867FB5C9B}.Debug|Any CPU.Build.0 = Debug|Any CPU
		{6709C9CB-571D-424C-8342-839867FB5C9B}.Debug|x64.ActiveCfg = Debug|Any CPU
		{6709C9CB-571D-424C-8342-839867FB5C9B}.Debug|x64.Build.0 = Debug|Any CPU
		{6709C9CB-571D-424C-8342-839867FB5C9B}.Debug|x86.ActiveCfg = Debug|Any CPU
		{6709C9CB-571D-424C-8342-839867FB5C9B}.Debug|x86.Build.0 = Debug|Any CPU
		{6709C9CB-571D-424C-8342-839867FB5C9B}.Release|Any CPU.ActiveCfg = Release|Any CPU
		{6709C9CB-571D-424C-8342-839867FB5C9B}.Release|Any CPU.Build.0 = Release|Any CPU
		{6709C9CB-571D-424C-8342-839867FB5C9B}.Release|x64.ActiveCfg = Release|Any CPU
		{6709C9CB-571D-424C-8342-839867FB5C9B}.Release|x64.Build.0 = Release|Any CPU
		{6709C9CB-571D-424C-8342-839867FB5C9B}.Release|x86.ActiveCfg = Release|Any CPU
		{6709C9CB-571D-424C-8342-839867FB5C9B}.Release|x86.Build.0 = Release|Any CPU
		{3E50AFEA-D6F0-4AAF-A59A-9C3885BE7B5D}.Debug|Any CPU.ActiveCfg = Debug|Any CPU
		{3E50AFEA-D6F0-4AAF-A59A-9C3885BE7B5D}.Debug|Any CPU.Build.0 = Debug|Any CPU
		{3E50AFEA-D6F0-4AAF-A59A-9C3885BE7B5D}.Debug|x64.ActiveCfg = Debug|Any CPU
		{3E50AFEA-D6F0-4AAF-A59A-9C3885BE7B5D}.Debug|x64.Build.0 = Debug|Any CPU
		{3E50AFEA-D6F0-4AAF-A59A-9C3885BE7B5D}.Debug|x86.ActiveCfg = Debug|Any CPU
		{3E50AFEA-D6F0-4AAF-A59A-9C3885BE7B5D}.Debug|x86.Build.0 = Debug|Any CPU
		{3E50AFEA-D6F0-4AAF-A59A-9C3885BE7B5D}.Release|Any CPU.ActiveCfg = Release|Any CPU
		{3E50AFEA-D6F0-4AAF-A59A-9C3885BE7B5D}.Release|Any CPU.Build.0 = Release|Any CPU
		{3E50AFEA-D6F0-4AAF-A59A-9C3885BE7B5D}.Release|x64.ActiveCfg = Release|Any CPU
		{3E50AFEA-D6F0-4AAF-A59A-9C3885BE7B5D}.Release|x64.Build.0 = Release|Any CPU
		{3E50AFEA-D6F0-4AAF-A59A-9C3885BE7B5D}.Release|x86.ActiveCfg = Release|Any CPU
		{3E50AFEA-D6F0-4AAF-A59A-9C3885BE7B5D}.Release|x86.Build.0 = Release|Any CPU
	EndGlobalSection
EndGlobal
