
Microsoft Visual Studio Solution File, Format Version 12.00
# Visual Studio 15
VisualStudioVersion = 15.0.26124.0
MinimumVisualStudioVersion = 15.0.26124.0
Project("{FAE04EC0-301F-11D3-BF4B-00C04F79EFBC}") = "Kuant.Utils", "Kuant.Utils\Kuant.Utils.csproj", "{963E8E9A-70C0-4BAA-9D35-4B5FD14CB5C5}"
EndProject
Project("{FAE04EC0-301F-11D3-BF4B-00C04F79EFBC}") = "Kuant.Math", "Kuant.Math\Kuant.Math.csproj", "{4B633D2C-5EFC-416A-A57E-B33B9BA536E5}"
EndProject
Project("{FAE04EC0-301F-11D3-BF4B-00C04F79EFBC}") = "Kuant.Config", "Kuant.Config\Kuant.Config.csproj", "{65F3E50E-04B4-49C3-A40E-9762A41445CB}"
EndProject
Project("{FAE04EC0-301F-11D3-BF4B-00C04F79EFBC}") = "Kuant.Services", "Kuant.Services\Kuant.Services.csproj", "{36966D13-5810-4E40-B806-767FEEF6281E}"
EndProject
Project("{FAE04EC0-301F-11D3-BF4B-00C04F79EFBC}") = "Kuant.Common", "Kuant.Common\Kuant.Common.csproj", "{C52B1E2F-42B9-433A-8961-422954148C19}"
EndProject
Project("{FAE04EC0-301F-11D3-BF4B-00C04F79EFBC}") = "Kuant.Models", "Kuant.Models\Kuant.Models.csproj", "{5B44A432-746A-440D-AAAB-BAB0D8EB222B}"
EndProject
Project("{FAE04EC0-301F-11D3-BF4B-00C04F79EFBC}") = "Kuant.Products", "Kuant.Products\Kuant.Products.csproj", "{F17B243E-57E4-48E3-A64A-891EC2A4946C}"
EndProject
Project("{FAE04EC0-301F-11D3-BF4B-00C04F79EFBC}") = "Kuant.Core", "Kuant.Core\Kuant.Core.csproj", "{0645216E-2D70-453C-9155-4B71DEBB2C0B}"
EndProject
Global
	GlobalSection(SolutionConfigurationPlatforms) = preSolution
		Debug|Any CPU = Debug|Any CPU
		Debug|x64 = Debug|x64
		Debug|x86 = Debug|x86
		Release|Any CPU = Release|Any CPU
		Release|x64 = Release|x64
		Release|x86 = Release|x86
	EndGlobalSection
	GlobalSection(SolutionProperties) = preSolution
		HideSolutionNode = FALSE
	EndGlobalSection
	GlobalSection(ProjectConfigurationPlatforms) = postSolution
		{963E8E9A-70C0-4BAA-9D35-4B5FD14CB5C5}.Debug|Any CPU.ActiveCfg = Debug|Any CPU
		{963E8E9A-70C0-4BAA-9D35-4B5FD14CB5C5}.Debug|Any CPU.Build.0 = Debug|Any CPU
		{963E8E9A-70C0-4BAA-9D35-4B5FD14CB5C5}.Debug|x64.ActiveCfg = Debug|Any CPU
		{963E8E9A-70C0-4BAA-9D35-4B5FD14CB5C5}.Debug|x64.Build.0 = Debug|Any CPU
		{963E8E9A-70C0-4BAA-9D35-4B5FD14CB5C5}.Debug|x86.ActiveCfg = Debug|Any CPU
		{963E8E9A-70C0-4BAA-9D35-4B5FD14CB5C5}.Debug|x86.Build.0 = Debug|Any CPU
		{963E8E9A-70C0-4BAA-9D35-4B5FD14CB5C5}.Release|Any CPU.ActiveCfg = Release|Any CPU
		{963E8E9A-70C0-4BAA-9D35-4B5FD14CB5C5}.Release|Any CPU.Build.0 = Release|Any CPU
		{963E8E9A-70C0-4BAA-9D35-4B5FD14CB5C5}.Release|x64.ActiveCfg = Release|Any CPU
		{963E8E9A-70C0-4BAA-9D35-4B5FD14CB5C5}.Release|x64.Build.0 = Release|Any CPU
		{963E8E9A-70C0-4BAA-9D35-4B5FD14CB5C5}.Release|x86.ActiveCfg = Release|Any CPU
		{963E8E9A-70C0-4BAA-9D35-4B5FD14CB5C5}.Release|x86.Build.0 = Release|Any CPU
		{4B633D2C-5EFC-416A-A57E-B33B9BA536E5}.Debug|Any CPU.ActiveCfg = Debug|Any CPU
		{4B633D2C-5EFC-416A-A57E-B33B9BA536E5}.Debug|Any CPU.Build.0 = Debug|Any CPU
		{4B633D2C-5EFC-416A-A57E-B33B9BA536E5}.Debug|x64.ActiveCfg = Debug|Any CPU
		{4B633D2C-5EFC-416A-A57E-B33B9BA536E5}.Debug|x64.Build.0 = Debug|Any CPU
		{4B633D2C-5EFC-416A-A57E-B33B9BA536E5}.Debug|x86.ActiveCfg = Debug|Any CPU
		{4B633D2C-5EFC-416A-A57E-B33B9BA536E5}.Debug|x86.Build.0 = Debug|Any CPU
		{4B633D2C-5EFC-416A-A57E-B33B9BA536E5}.Release|Any CPU.ActiveCfg = Release|Any CPU
		{4B633D2C-5EFC-416A-A57E-B33B9BA536E5}.Release|Any CPU.Build.0 = Release|Any CPU
		{4B633D2C-5EFC-416A-A57E-B33B9BA536E5}.Release|x64.ActiveCfg = Release|Any CPU
		{4B633D2C-5EFC-416A-A57E-B33B9BA536E5}.Release|x64.Build.0 = Release|Any CPU
		{4B633D2C-5EFC-416A-A57E-B33B9BA536E5}.Release|x86.ActiveCfg = Release|Any CPU
		{4B633D2C-5EFC-416A-A57E-B33B9BA536E5}.Release|x86.Build.0 = Release|Any CPU
		{65F3E50E-04B4-49C3-A40E-9762A41445CB}.Debug|Any CPU.ActiveCfg = Debug|Any CPU
		{65F3E50E-04B4-49C3-A40E-9762A41445CB}.Debug|Any CPU.Build.0 = Debug|Any CPU
		{65F3E50E-04B4-49C3-A40E-9762A41445CB}.Debug|x64.ActiveCfg = Debug|Any CPU
		{65F3E50E-04B4-49C3-A40E-9762A41445CB}.Debug|x64.Build.0 = Debug|Any CPU
		{65F3E50E-04B4-49C3-A40E-9762A41445CB}.Debug|x86.ActiveCfg = Debug|Any CPU
		{65F3E50E-04B4-49C3-A40E-9762A41445CB}.Debug|x86.Build.0 = Debug|Any CPU
		{65F3E50E-04B4-49C3-A40E-9762A41445CB}.Release|Any CPU.ActiveCfg = Release|Any CPU
		{65F3E50E-04B4-49C3-A40E-9762A41445CB}.Release|Any CPU.Build.0 = Release|Any CPU
		{65F3E50E-04B4-49C3-A40E-9762A41445CB}.Release|x64.ActiveCfg = Release|Any CPU
		{65F3E50E-04B4-49C3-A40E-9762A41445CB}.Release|x64.Build.0 = Release|Any CPU
		{65F3E50E-04B4-49C3-A40E-9762A41445CB}.Release|x86.ActiveCfg = Release|Any CPU
		{65F3E50E-04B4-49C3-A40E-9762A41445CB}.Release|x86.Build.0 = Release|Any CPU
		{36966D13-5810-4E40-B806-767FEEF6281E}.Debug|Any CPU.ActiveCfg = Debug|Any CPU
		{36966D13-5810-4E40-B806-767FEEF6281E}.Debug|Any CPU.Build.0 = Debug|Any CPU
		{36966D13-5810-4E40-B806-767FEEF6281E}.Debug|x64.ActiveCfg = Debug|Any CPU
		{36966D13-5810-4E40-B806-767FEEF6281E}.Debug|x64.Build.0 = Debug|Any CPU
		{36966D13-5810-4E40-B806-767FEEF6281E}.Debug|x86.ActiveCfg = Debug|Any CPU
		{36966D13-5810-4E40-B806-767FEEF6281E}.Debug|x86.Build.0 = Debug|Any CPU
		{36966D13-5810-4E40-B806-767FEEF6281E}.Release|Any CPU.ActiveCfg = Release|Any CPU
		{36966D13-5810-4E40-B806-767FEEF6281E}.Release|Any CPU.Build.0 = Release|Any CPU
		{36966D13-5810-4E40-B806-767FEEF6281E}.Release|x64.ActiveCfg = Release|Any CPU
		{36966D13-5810-4E40-B806-767FEEF6281E}.Release|x64.Build.0 = Release|Any CPU
		{36966D13-5810-4E40-B806-767FEEF6281E}.Release|x86.ActiveCfg = Release|Any CPU
		{36966D13-5810-4E40-B806-767FEEF6281E}.Release|x86.Build.0 = Release|Any CPU
		{C52B1E2F-42B9-433A-8961-422954148C19}.Debug|Any CPU.ActiveCfg = Debug|Any CPU
		{C52B1E2F-42B9-433A-8961-422954148C19}.Debug|Any CPU.Build.0 = Debug|Any CPU
		{C52B1E2F-42B9-433A-8961-422954148C19}.Debug|x64.ActiveCfg = Debug|Any CPU
		{C52B1E2F-42B9-433A-8961-422954148C19}.Debug|x64.Build.0 = Debug|Any CPU
		{C52B1E2F-42B9-433A-8961-422954148C19}.Debug|x86.ActiveCfg = Debug|Any CPU
		{C52B1E2F-42B9-433A-8961-422954148C19}.Debug|x86.Build.0 = Debug|Any CPU
		{C52B1E2F-42B9-433A-8961-422954148C19}.Release|Any CPU.ActiveCfg = Release|Any CPU
		{C52B1E2F-42B9-433A-8961-422954148C19}.Release|Any CPU.Build.0 = Release|Any CPU
		{C52B1E2F-42B9-433A-8961-422954148C19}.Release|x64.ActiveCfg = Release|Any CPU
		{C52B1E2F-42B9-433A-8961-422954148C19}.Release|x64.Build.0 = Release|Any CPU
		{C52B1E2F-42B9-433A-8961-422954148C19}.Release|x86.ActiveCfg = Release|Any CPU
		{C52B1E2F-42B9-433A-8961-422954148C19}.Release|x86.Build.0 = Release|Any CPU
		{5B44A432-746A-440D-AAAB-BAB0D8EB222B}.Debug|Any CPU.ActiveCfg = Debug|Any CPU
		{5B44A432-746A-440D-AAAB-BAB0D8EB222B}.Debug|Any CPU.Build.0 = Debug|Any CPU
		{5B44A432-746A-440D-AAAB-BAB0D8EB222B}.Debug|x64.ActiveCfg = Debug|Any CPU
		{5B44A432-746A-440D-AAAB-BAB0D8EB222B}.Debug|x64.Build.0 = Debug|Any CPU
		{5B44A432-746A-440D-AAAB-BAB0D8EB222B}.Debug|x86.ActiveCfg = Debug|Any CPU
		{5B44A432-746A-440D-AAAB-BAB0D8EB222B}.Debug|x86.Build.0 = Debug|Any CPU
		{5B44A432-746A-440D-AAAB-BAB0D8EB222B}.Release|Any CPU.ActiveCfg = Release|Any CPU
		{5B44A432-746A-440D-AAAB-BAB0D8EB222B}.Release|Any CPU.Build.0 = Release|Any CPU
		{5B44A432-746A-440D-AAAB-BAB0D8EB222B}.Release|x64.ActiveCfg = Release|Any CPU
		{5B44A432-746A-440D-AAAB-BAB0D8EB222B}.Release|x64.Build.0 = Release|Any CPU
		{5B44A432-746A-440D-AAAB-BAB0D8EB222B}.Release|x86.ActiveCfg = Release|Any CPU
		{5B44A432-746A-440D-AAAB-BAB0D8EB222B}.Release|x86.Build.0 = Release|Any CPU
		{F17B243E-57E4-48E3-A64A-891EC2A4946C}.Debug|Any CPU.ActiveCfg = Debug|Any CPU
		{F17B243E-57E4-48E3-A64A-891EC2A4946C}.Debug|Any CPU.Build.0 = Debug|Any CPU
		{F17B243E-57E4-48E3-A64A-891EC2A4946C}.Debug|x64.ActiveCfg = Debug|Any CPU
		{F17B243E-57E4-48E3-A64A-891EC2A4946C}.Debug|x64.Build.0 = Debug|Any CPU
		{F17B243E-57E4-48E3-A64A-891EC2A4946C}.Debug|x86.ActiveCfg = Debug|Any CPU
		{F17B243E-57E4-48E3-A64A-891EC2A4946C}.Debug|x86.Build.0 = Debug|Any CPU
		{F17B243E-57E4-48E3-A64A-891EC2A4946C}.Release|Any CPU.ActiveCfg = Release|Any CPU
		{F17B243E-57E4-48E3-A64A-891EC2A4946C}.Release|Any CPU.Build.0 = Release|Any CPU
		{F17B243E-57E4-48E3-A64A-891EC2A4946C}.Release|x64.ActiveCfg = Release|Any CPU
		{F17B243E-57E4-48E3-A64A-891EC2A4946C}.Release|x64.Build.0 = Release|Any CPU
		{F17B243E-57E4-48E3-A64A-891EC2A4946C}.Release|x86.ActiveCfg = Release|Any CPU
		{F17B243E-57E4-48E3-A64A-891EC2A4946C}.Release|x86.Build.0 = Release|Any CPU
		{0645216E-2D70-453C-9155-4B71DEBB2C0B}.Debug|Any CPU.ActiveCfg = Debug|Any CPU
		{0645216E-2D70-453C-9155-4B71DEBB2C0B}.Debug|Any CPU.Build.0 = Debug|Any CPU
		{0645216E-2D70-453C-9155-4B71DEBB2C0B}.Debug|x64.ActiveCfg = Debug|Any CPU
		{0645216E-2D70-453C-9155-4B71DEBB2C0B}.Debug|x64.Build.0 = Debug|Any CPU
		{0645216E-2D70-453C-9155-4B71DEBB2C0B}.Debug|x86.ActiveCfg = Debug|Any CPU
		{0645216E-2D70-453C-9155-4B71DEBB2C0B}.Debug|x86.Build.0 = Debug|Any CPU
		{0645216E-2D70-453C-9155-4B71DEBB2C0B}.Release|Any CPU.ActiveCfg = Release|Any CPU
		{0645216E-2D70-453C-9155-4B71DEBB2C0B}.Release|Any CPU.Build.0 = Release|Any CPU
		{0645216E-2D70-453C-9155-4B71DEBB2C0B}.Release|x64.ActiveCfg = Release|Any CPU
		{0645216E-2D70-453C-9155-4B71DEBB2C0B}.Release|x64.Build.0 = Release|Any CPU
		{0645216E-2D70-453C-9155-4B71DEBB2C0B}.Release|x86.ActiveCfg = Release|Any CPU
		{0645216E-2D70-453C-9155-4B71DEBB2C0B}.Release|x86.Build.0 = Release|Any CPU
	EndGlobalSection
EndGlobal
